// !$*UTF8*$!
{
	archiveVersion = 1;
	classes = {
	};
	objectVersion = 46;
	objects = {

/* Begin PBXBuildFile section */
		5C2A88B31A4C09AD00303BB7 /* LinePointerList.cpp in Sources */ = {isa = PBXBuildFile; fileRef = 5C2A88B11A4C09AD00303BB7 /* LinePointerList.cpp */; };
		5C2A88B61A4C757700303BB7 /* FileWriter.cpp in Sources */ = {isa = PBXBuildFile; fileRef = 5C2A88B41A4C757700303BB7 /* FileWriter.cpp */; };
		5CFA1CB81A1D166F00712FD4 /* Engine.cpp in Sources */ = {isa = PBXBuildFile; fileRef = 5CFA1CB51A1D166F00712FD4 /* Engine.cpp */; };
		5CFA1CB91A1D166F00712FD4 /* FileHandler.cpp in Sources */ = {isa = PBXBuildFile; fileRef = 5CFA1CB61A1D166F00712FD4 /* FileHandler.cpp */; };
		5CFA1CBA1A1D166F00712FD4 /* Param.cpp in Sources */ = {isa = PBXBuildFile; fileRef = 5CFA1CB71A1D166F00712FD4 /* Param.cpp */; };
		5CFA1CBC1A1D16B600712FD4 /* main.cpp in Sources */ = {isa = PBXBuildFile; fileRef = 5CFA1CBB1A1D16B600712FD4 /* main.cpp */; };
		5CFA7CE41A37513A00FCFE59 /* Constants.cpp in Sources */ = {isa = PBXBuildFile; fileRef = 5CFA7CE21A37513A00FCFE59 /* Constants.cpp */; };
/* End PBXBuildFile section */

/* Begin PBXCopyFilesBuildPhase section */
		5CFA1CA61A1D161200712FD4 /* CopyFiles */ = {
			isa = PBXCopyFilesBuildPhase;
			buildActionMask = 2147483647;
			dstPath = /usr/share/man/man1/;
			dstSubfolderSpec = 0;
			files = (
			);
			runOnlyForDeploymentPostprocessing = 1;
		};
/* End PBXCopyFilesBuildPhase section */

/* Begin PBXFileReference section */
		5C2A88B11A4C09AD00303BB7 /* LinePointerList.cpp */ = {isa = PBXFileReference; fileEncoding = 4; lastKnownFileType = sourcecode.cpp.cpp; path = LinePointerList.cpp; sourceTree = "<group>"; };
		5C2A88B21A4C09AD00303BB7 /* LinePointerList.h */ = {isa = PBXFileReference; fileEncoding = 4; lastKnownFileType = sourcecode.c.h; path = LinePointerList.h; sourceTree = "<group>"; };
		5C2A88B41A4C757700303BB7 /* FileWriter.cpp */ = {isa = PBXFileReference; fileEncoding = 4; lastKnownFileType = sourcecode.cpp.cpp; path = FileWriter.cpp; sourceTree = "<group>"; };
		5C2A88B51A4C757700303BB7 /* FileWriter.h */ = {isa = PBXFileReference; fileEncoding = 4; lastKnownFileType = sourcecode.c.h; path = FileWriter.h; sourceTree = "<group>"; };
		5CFA1CA81A1D161200712FD4 /* TYSort */ = {isa = PBXFileReference; explicitFileType = "compiled.mach-o.executable"; includeInIndex = 0; path = TYSort; sourceTree = BUILT_PRODUCTS_DIR; };
		5CFA1CB21A1D165500712FD4 /* Engine.h */ = {isa = PBXFileReference; fileEncoding = 4; lastKnownFileType = sourcecode.c.h; path = Engine.h; sourceTree = "<group>"; };
		5CFA1CB31A1D165500712FD4 /* FileHandler.h */ = {isa = PBXFileReference; fileEncoding = 4; lastKnownFileType = sourcecode.c.h; path = FileHandler.h; sourceTree = "<group>"; };
		5CFA1CB41A1D165500712FD4 /* Param.h */ = {isa = PBXFileReference; fileEncoding = 4; lastKnownFileType = sourcecode.c.h; path = Param.h; sourceTree = "<group>"; };
		5CFA1CB51A1D166F00712FD4 /* Engine.cpp */ = {isa = PBXFileReference; fileEncoding = 4; lastKnownFileType = sourcecode.cpp.cpp; path = Engine.cpp; sourceTree = "<group>"; };
		5CFA1CB61A1D166F00712FD4 /* FileHandler.cpp */ = {isa = PBXFileReference; fileEncoding = 4; lastKnownFileType = sourcecode.cpp.cpp; path = FileHandler.cpp; sourceTree = "<group>"; };
		5CFA1CB71A1D166F00712FD4 /* Param.cpp */ = {isa = PBXFileReference; fileEncoding = 4; lastKnownFileType = sourcecode.cpp.cpp; path = Param.cpp; sourceTree = "<group>"; };
		5CFA1CBB1A1D16B600712FD4 /* main.cpp */ = {isa = PBXFileReference; fileEncoding = 4; lastKnownFileType = sourcecode.cpp.cpp; path = main.cpp; sourceTree = "<group>"; };
		5CFA7CE21A37513A00FCFE59 /* Constants.cpp */ = {isa = PBXFileReference; fileEncoding = 4; lastKnownFileType = sourcecode.cpp.cpp; path = Constants.cpp; sourceTree = "<group>"; };
		5CFA7CE31A37513A00FCFE59 /* Constants.h */ = {isa = PBXFileReference; fileEncoding = 4; lastKnownFileType = sourcecode.c.h; path = Constants.h; sourceTree = "<group>"; };
/* End PBXFileReference section */

/* Begin PBXFrameworksBuildPhase section */
		5CFA1CA51A1D161200712FD4 /* Frameworks */ = {
			isa = PBXFrameworksBuildPhase;
			buildActionMask = 2147483647;
			files = (
			);
			runOnlyForDeploymentPostprocessing = 0;
		};
/* End PBXFrameworksBuildPhase section */

/* Begin PBXGroup section */
		5CFA1C9F1A1D161200712FD4 = {
			isa = PBXGroup;
			children = (
				5CFA1CAA1A1D161200712FD4 /* TYSort */,
				5CFA1CA91A1D161200712FD4 /* Products */,
			);
			sourceTree = "<group>";
		};
		5CFA1CA91A1D161200712FD4 /* Products */ = {
			isa = PBXGroup;
			children = (
				5CFA1CA81A1D161200712FD4 /* TYSort */,
			);
			name = Products;
			sourceTree = "<group>";
		};
		5CFA1CAA1A1D161200712FD4 /* TYSort */ = {
			isa = PBXGroup;
			children = (
				5C2A88B11A4C09AD00303BB7 /* LinePointerList.cpp */,
				5C2A88B21A4C09AD00303BB7 /* LinePointerList.h */,
				5CFA1CBB1A1D16B600712FD4 /* main.cpp */,
				5CFA1CB51A1D166F00712FD4 /* Engine.cpp */,
				5CFA1CB21A1D165500712FD4 /* Engine.h */,
				5CFA1CB61A1D166F00712FD4 /* FileHandler.cpp */,
				5CFA1CB31A1D165500712FD4 /* FileHandler.h */,
				5CFA1CB71A1D166F00712FD4 /* Param.cpp */,
				5CFA1CB41A1D165500712FD4 /* Param.h */,
				5CFA7CE21A37513A00FCFE59 /* Constants.cpp */,
				5CFA7CE31A37513A00FCFE59 /* Constants.h */,
				5C2A88B41A4C757700303BB7 /* FileWriter.cpp */,
				5C2A88B51A4C757700303BB7 /* FileWriter.h */,
			);
			path = TYSort;
			sourceTree = "<group>";
		};
/* End PBXGroup section */

/* Begin PBXNativeTarget section */
		5CFA1CA71A1D161200712FD4 /* TYSort */ = {
			isa = PBXNativeTarget;
			buildConfigurationList = 5CFA1CAF1A1D161200712FD4 /* Build configuration list for PBXNativeTarget "TYSort" */;
			buildPhases = (
				5CFA1CA41A1D161200712FD4 /* Sources */,
				5CFA1CA51A1D161200712FD4 /* Frameworks */,
				5CFA1CA61A1D161200712FD4 /* CopyFiles */,
			);
			buildRules = (
			);
			dependencies = (
			);
			name = TYSort;
			productName = TYSort;
			productReference = 5CFA1CA81A1D161200712FD4 /* TYSort */;
			productType = "com.apple.product-type.tool";
		};
/* End PBXNativeTarget section */

/* Begin PBXProject section */
		5CFA1CA01A1D161200712FD4 /* Project object */ = {
			isa = PBXProject;
			attributes = {
				LastUpgradeCheck = 0610;
				ORGANIZATIONNAME = "Yoppy Yunhasnawa";
				TargetAttributes = {
					5CFA1CA71A1D161200712FD4 = {
						CreatedOnToolsVersion = 6.1;
					};
				};
			};
			buildConfigurationList = 5CFA1CA31A1D161200712FD4 /* Build configuration list for PBXProject "TYSort" */;
			compatibilityVersion = "Xcode 3.2";
			developmentRegion = English;
			hasScannedForEncodings = 0;
			knownRegions = (
				en,
			);
			mainGroup = 5CFA1C9F1A1D161200712FD4;
			productRefGroup = 5CFA1CA91A1D161200712FD4 /* Products */;
			projectDirPath = "";
			projectRoot = "";
			targets = (
				5CFA1CA71A1D161200712FD4 /* TYSort */,
			);
		};
/* End PBXProject section */

/* Begin PBXSourcesBuildPhase section */
		5CFA1CA41A1D161200712FD4 /* Sources */ = {
			isa = PBXSourcesBuildPhase;
			buildActionMask = 2147483647;
			files = (
				5CFA1CB91A1D166F00712FD4 /* FileHandler.cpp in Sources */,
				5C2A88B31A4C09AD00303BB7 /* LinePointerList.cpp in Sources */,
				5CFA1CB81A1D166F00712FD4 /* Engine.cpp in Sources */,
				5CFA7CE41A37513A00FCFE59 /* Constants.cpp in Sources */,
				5C2A88B61A4C757700303BB7 /* FileWriter.cpp in Sources */,
				5CFA1CBC1A1D16B600712FD4 /* main.cpp in Sources */,
				5CFA1CBA1A1D166F00712FD4 /* Param.cpp in Sources */,
			);
			runOnlyForDeploymentPostprocessing = 0;
		};
/* End PBXSourcesBuildPhase section */

/* Begin XCBuildConfiguration section */
		5CFA1CAD1A1D161200712FD4 /* Debug */ = {
			isa = XCBuildConfiguration;
			buildSettings = {
				ALWAYS_SEARCH_USER_PATHS = NO;
				CLANG_CXX_LANGUAGE_STANDARD = "gnu++0x";
				CLANG_CXX_LIBRARY = "libc++";
				CLANG_ENABLE_MODULES = YES;
				CLANG_ENABLE_OBJC_ARC = YES;
				CLANG_WARN_BOOL_CONVERSION = YES;
				CLANG_WARN_CONSTANT_CONVERSION = YES;
				CLANG_WARN_DIRECT_OBJC_ISA_USAGE = YES_ERROR;
				CLANG_WARN_EMPTY_BODY = YES;
				CLANG_WARN_ENUM_CONVERSION = YES;
				CLANG_WARN_INT_CONVERSION = YES;
				CLANG_WARN_OBJC_ROOT_CLASS = YES_ERROR;
				CLANG_WARN_UNREACHABLE_CODE = YES;
				CLANG_WARN__DUPLICATE_METHOD_MATCH = YES;
				COPY_PHASE_STRIP = NO;
				ENABLE_STRICT_OBJC_MSGSEND = YES;
				GCC_C_LANGUAGE_STANDARD = gnu99;
				GCC_DYNAMIC_NO_PIC = NO;
				GCC_OPTIMIZATION_LEVEL = 0;
				GCC_PREPROCESSOR_DEFINITIONS = (
					"DEBUG=1",
					"$(inherited)",
				);
				GCC_SYMBOLS_PRIVATE_EXTERN = NO;
				GCC_WARN_64_TO_32_BIT_CONVERSION = YES;
				GCC_WARN_ABOUT_RETURN_TYPE = YES_ERROR;
				GCC_WARN_UNDECLARED_SELECTOR = YES;
				GCC_WARN_UNINITIALIZED_AUTOS = YES_AGGRESSIVE;
				GCC_WARN_UNUSED_FUNCTION = YES;
				GCC_WARN_UNUSED_VARIABLE = YES;
				MACOSX_DEPLOYMENT_TARGET = 10.10;
				MTL_ENABLE_DEBUG_INFO = YES;
				ONLY_ACTIVE_ARCH = YES;
				SDKROOT = macosx;
			};
			name = Debug;
		};
		5CFA1CAE1A1D161200712FD4 /* Release */ = {
			isa = XCBuildConfiguration;
			buildSettings = {
				ALWAYS_SEARCH_USER_PATHS = NO;
				CLANG_CXX_LANGUAGE_STANDARD = "gnu++0x";
				CLANG_CXX_LIBRARY = "libc++";
				CLANG_ENABLE_MODULES = YES;
				CLANG_ENABLE_OBJC_ARC = YES;
				CLANG_WARN_BOOL_CONVERSION = YES;
				CLANG_WARN_CONSTANT_CONVERSION = YES;
				CLANG_WARN_DIRECT_OBJC_ISA_USAGE = YES_ERROR;
				CLANG_WARN_EMPTY_BODY = YES;
				CLANG_WARN_ENUM_CONVERSION = YES;
				CLANG_WARN_INT_CONVERSION = YES;
				CLANG_WARN_OBJC_ROOT_CLASS = YES_ERROR;
				CLANG_WARN_UNREACHABLE_CODE = YES;
				CLANG_WARN__DUPLICATE_METHOD_MATCH = YES;
				COPY_PHASE_STRIP = YES;
				DEBUG_INFORMATION_FORMAT = "dwarf-with-dsym";
				ENABLE_NS_ASSERTIONS = NO;
				ENABLE_STRICT_OBJC_MSGSEND = YES;
				GCC_C_LANGUAGE_STANDARD = gnu99;
				GCC_WARN_64_TO_32_BIT_CONVERSION = YES;
				GCC_WARN_ABOUT_RETURN_TYPE = YES_ERROR;
				GCC_WARN_UNDECLARED_SELECTOR = YES;
				GCC_WARN_UNINITIALIZED_AUTOS = YES_AGGRESSIVE;
				GCC_WARN_UNUSED_FUNCTION = YES;
				GCC_WARN_UNUSED_VARIABLE = YES;
				MACOSX_DEPLOYMENT_TARGET = 10.10;
				MTL_ENABLE_DEBUG_INFO = NO;
				SDKROOT = macosx;
			};
			name = Release;
		};
		5CFA1CB01A1D161200712FD4 /* Debug */ = {
			isa = XCBuildConfiguration;
			buildSettings = {
				PRODUCT_NAME = "$(TARGET_NAME)";
			};
			name = Debug;
		};
		5CFA1CB11A1D161200712FD4 /* Release */ = {
			isa = XCBuildConfiguration;
			buildSettings = {
				PRODUCT_NAME = "$(TARGET_NAME)";
			};
			name = Release;
		};
/* End XCBuildConfiguration section */

/* Begin XCConfigurationList section */
		5CFA1CA31A1D161200712FD4 /* Build configuration list for PBXProject "TYSort" */ = {
			isa = XCConfigurationList;
			buildConfigurations = (
				5CFA1CAD1A1D161200712FD4 /* Debug */,
				5CFA1CAE1A1D161200712FD4 /* Release */,
			);
			defaultConfigurationIsVisible = 0;
			defaultConfigurationName = Release;
		};
		5CFA1CAF1A1D161200712FD4 /* Build configuration list for PBXNativeTarget "TYSort" */ = {
			isa = XCConfigurationList;
			buildConfigurations = (
				5CFA1CB01A1D161200712FD4 /* Debug */,
				5CFA1CB11A1D161200712FD4 /* Release */,
			);
			defaultConfigurationIsVisible = 0;
			defaultConfigurationName = Release;
		};
/* End XCConfigurationList section */
	};
	rootObject = 5CFA1CA01A1D161200712FD4 /* Project object */;
}
